
Microsoft Visual Studio Solution File, Format Version 12.00
# Visual Studio Version 17
VisualStudioVersion = 17.9.34622.214
MinimumVisualStudioVersion = 10.0.40219.1
Project("{FAE04EC0-301F-11D3-BF4B-00C04F79EFBC}") = "Dic", "Dic\Dic.csproj", "{8783B37C-2645-4EA3-A017-060920A8902E}"
EndProject
Global
	GlobalSection(SolutionConfigurationPlatforms) = preSolution
		Debug|Any CPU = Debug|Any CPU
		Release|Any CPU = Release|Any CPU
	EndGlobalSection
	GlobalSection(ProjectConfigurationPlatforms) = postSolution
		{8783B37C-2645-4EA3-A017-060920A8902E}.Debug|Any CPU.ActiveCfg = Debug|Any CPU
		{8783B37C-2645-4EA3-A017-060920A8902E}.Debug|Any CPU.Build.0 = Debug|Any CPU
		{8783B37C-2645-4EA3-A017-060920A8902E}.Release|Any CPU.ActiveCfg = Release|Any CPU
		{8783B37C-2645-4EA3-A017-060920A8902E}.Release|Any CPU.Build.0 = Release|Any CPU
	EndGlobalSection
	GlobalSection(SolutionProperties) = preSolution
		HideSolutionNode = FALSE
	EndGlobalSection
	GlobalSection(ExtensibilityGlobals) = postSolution
		SolutionGuid = {5E847EE3-39E7-4C7D-AD48-EAB4D14E27BB}
	EndGlobalSection
EndGlobal
